// !$*UTF8*$!
{
	archiveVersion = 1;
	classes = {
	};
	objectVersion = 55;
	objects = {

/* Begin PBXBuildFile section */
		84F48DB327565316002AEE4D /* AppDelegate.swift in Sources */ = {isa = PBXBuildFile; fileRef = 84F48DB227565316002AEE4D /* AppDelegate.swift */; };
		84F48DB527565316002AEE4D /* SceneDelegate.swift in Sources */ = {isa = PBXBuildFile; fileRef = 84F48DB427565316002AEE4D /* SceneDelegate.swift */; };
		84F48DB727565316002AEE4D /* ViewController.swift in Sources */ = {isa = PBXBuildFile; fileRef = 84F48DB627565316002AEE4D /* ViewController.swift */; };
		84F48DBA27565316002AEE4D /* Main.storyboard in Resources */ = {isa = PBXBuildFile; fileRef = 84F48DB827565316002AEE4D /* Main.storyboard */; };
		84F48DBC27565317002AEE4D /* Assets.xcassets in Resources */ = {isa = PBXBuildFile; fileRef = 84F48DBB27565317002AEE4D /* Assets.xcassets */; };
		84F48DBF27565317002AEE4D /* LaunchScreen.storyboard in Resources */ = {isa = PBXBuildFile; fileRef = 84F48DBD27565317002AEE4D /* LaunchScreen.storyboard */; };
		84F48DCA27565317002AEE4D /* iOSQuizTests.swift in Sources */ = {isa = PBXBuildFile; fileRef = 84F48DC927565317002AEE4D /* iOSQuizTests.swift */; };
		84F48DD427565317002AEE4D /* iOSQuizUITests.swift in Sources */ = {isa = PBXBuildFile; fileRef = 84F48DD327565317002AEE4D /* iOSQuizUITests.swift */; };
		84F48DD627565317002AEE4D /* iOSQuizUITestsLaunchTests.swift in Sources */ = {isa = PBXBuildFile; fileRef = 84F48DD527565317002AEE4D /* iOSQuizUITestsLaunchTests.swift */; };
/* End PBXBuildFile section */

/* Begin PBXContainerItemProxy section */
		84F48DC627565317002AEE4D /* PBXContainerItemProxy */ = {
			isa = PBXContainerItemProxy;
			containerPortal = 84F48DA727565316002AEE4D /* Project object */;
			proxyType = 1;
			remoteGlobalIDString = 84F48DAE27565316002AEE4D;
			remoteInfo = iOSQuiz;
		};
		84F48DD027565317002AEE4D /* PBXContainerItemProxy */ = {
			isa = PBXContainerItemProxy;
			containerPortal = 84F48DA727565316002AEE4D /* Project object */;
			proxyType = 1;
			remoteGlobalIDString = 84F48DAE27565316002AEE4D;
			remoteInfo = iOSQuiz;
		};
/* End PBXContainerItemProxy section */

/* Begin PBXFileReference section */
		84F48DAF27565316002AEE4D /* iOSQuiz.app */ = {isa = PBXFileReference; explicitFileType = wrapper.application; includeInIndex = 0; path = iOSQuiz.app; sourceTree = BUILT_PRODUCTS_DIR; };
		84F48DB227565316002AEE4D /* AppDelegate.swift */ = {isa = PBXFileReference; lastKnownFileType = sourcecode.swift; path = AppDelegate.swift; sourceTree = "<group>"; };
		84F48DB427565316002AEE4D /* SceneDelegate.swift */ = {isa = PBXFileReference; lastKnownFileType = sourcecode.swift; path = SceneDelegate.swift; sourceTree = "<group>"; };
		84F48DB627565316002AEE4D /* ViewController.swift */ = {isa = PBXFileReference; lastKnownFileType = sourcecode.swift; path = ViewController.swift; sourceTree = "<group>"; };
		84F48DB927565316002AEE4D /* Base */ = {isa = PBXFileReference; lastKnownFileType = file.storyboard; name = Base; path = Base.lproj/Main.storyboard; sourceTree = "<group>"; };
		84F48DBB27565317002AEE4D /* Assets.xcassets */ = {isa = PBXFileReference; lastKnownFileType = folder.assetcatalog; path = Assets.xcassets; sourceTree = "<group>"; };
		84F48DBE27565317002AEE4D /* Base */ = {isa = PBXFileReference; lastKnownFileType = file.storyboard; name = Base; path = Base.lproj/LaunchScreen.storyboard; sourceTree = "<group>"; };
		84F48DC027565317002AEE4D /* Info.plist */ = {isa = PBXFileReference; lastKnownFileType = text.plist.xml; path = Info.plist; sourceTree = "<group>"; };
		84F48DC527565317002AEE4D /* iOSQuizTests.xctest */ = {isa = PBXFileReference; explicitFileType = wrapper.cfbundle; includeInIndex = 0; path = iOSQuizTests.xctest; sourceTree = BUILT_PRODUCTS_DIR; };
		84F48DC927565317002AEE4D /* iOSQuizTests.swift */ = {isa = PBXFileReference; lastKnownFileType = sourcecode.swift; path = iOSQuizTests.swift; sourceTree = "<group>"; };
		84F48DCF27565317002AEE4D /* iOSQuizUITests.xctest */ = {isa = PBXFileReference; explicitFileType = wrapper.cfbundle; includeInIndex = 0; path = iOSQuizUITests.xctest; sourceTree = BUILT_PRODUCTS_DIR; };
		84F48DD327565317002AEE4D /* iOSQuizUITests.swift */ = {isa = PBXFileReference; lastKnownFileType = sourcecode.swift; path = iOSQuizUITests.swift; sourceTree = "<group>"; };
		84F48DD527565317002AEE4D /* iOSQuizUITestsLaunchTests.swift */ = {isa = PBXFileReference; lastKnownFileType = sourcecode.swift; path = iOSQuizUITestsLaunchTests.swift; sourceTree = "<group>"; };
/* End PBXFileReference section */

/* Begin PBXFrameworksBuildPhase section */
		84F48DAC27565316002AEE4D /* Frameworks */ = {
			isa = PBXFrameworksBuildPhase;
			buildActionMask = 2147483647;
			files = (
			);
			runOnlyForDeploymentPostprocessing = 0;
		};
		84F48DC227565317002AEE4D /* Frameworks */ = {
			isa = PBXFrameworksBuildPhase;
			buildActionMask = 2147483647;
			files = (
			);
			runOnlyForDeploymentPostprocessing = 0;
		};
		84F48DCC27565317002AEE4D /* Frameworks */ = {
			isa = PBXFrameworksBuildPhase;
			buildActionMask = 2147483647;
			files = (
			);
			runOnlyForDeploymentPostprocessing = 0;
		};
/* End PBXFrameworksBuildPhase section */

/* Begin PBXGroup section */
		84F48DA627565316002AEE4D = {
			isa = PBXGroup;
			children = (
				84F48DB127565316002AEE4D /* iOSQuiz */,
				84F48DC827565317002AEE4D /* iOSQuizTests */,
				84F48DD227565317002AEE4D /* iOSQuizUITests */,
				84F48DB027565316002AEE4D /* Products */,
			);
			sourceTree = "<group>";
		};
		84F48DB027565316002AEE4D /* Products */ = {
			isa = PBXGroup;
			children = (
				84F48DAF27565316002AEE4D /* iOSQuiz.app */,
				84F48DC527565317002AEE4D /* iOSQuizTests.xctest */,
				84F48DCF27565317002AEE4D /* iOSQuizUITests.xctest */,
			);
			name = Products;
			sourceTree = "<group>";
		};
		84F48DB127565316002AEE4D /* iOSQuiz */ = {
			isa = PBXGroup;
			children = (
				84F48DB227565316002AEE4D /* AppDelegate.swift */,
				84F48DB427565316002AEE4D /* SceneDelegate.swift */,
				84F48DB627565316002AEE4D /* ViewController.swift */,
				84F48DB827565316002AEE4D /* Main.storyboard */,
				84F48DBB27565317002AEE4D /* Assets.xcassets */,
				84F48DBD27565317002AEE4D /* LaunchScreen.storyboard */,
				84F48DC027565317002AEE4D /* Info.plist */,
			);
			path = iOSQuiz;
			sourceTree = "<group>";
		};
		84F48DC827565317002AEE4D /* iOSQuizTests */ = {
			isa = PBXGroup;
			children = (
				84F48DC927565317002AEE4D /* iOSQuizTests.swift */,
			);
			path = iOSQuizTests;
			sourceTree = "<group>";
		};
		84F48DD227565317002AEE4D /* iOSQuizUITests */ = {
			isa = PBXGroup;
			children = (
				84F48DD327565317002AEE4D /* iOSQuizUITests.swift */,
				84F48DD527565317002AEE4D /* iOSQuizUITestsLaunchTests.swift */,
			);
			path = iOSQuizUITests;
			sourceTree = "<group>";
		};
/* End PBXGroup section */

/* Begin PBXNativeTarget section */
		84F48DAE27565316002AEE4D /* iOSQuiz */ = {
			isa = PBXNativeTarget;
			buildConfigurationList = 84F48DD927565317002AEE4D /* Build configuration list for PBXNativeTarget "iOSQuiz" */;
			buildPhases = (
				84F48DAB27565316002AEE4D /* Sources */,
				84F48DAC27565316002AEE4D /* Frameworks */,
				84F48DAD27565316002AEE4D /* Resources */,
			);
			buildRules = (
			);
			dependencies = (
			);
			name = iOSQuiz;
			productName = iOSQuiz;
			productReference = 84F48DAF27565316002AEE4D /* iOSQuiz.app */;
			productType = "com.apple.product-type.application";
		};
		84F48DC427565317002AEE4D /* iOSQuizTests */ = {
			isa = PBXNativeTarget;
			buildConfigurationList = 84F48DDC27565317002AEE4D /* Build configuration list for PBXNativeTarget "iOSQuizTests" */;
			buildPhases = (
				84F48DC127565317002AEE4D /* Sources */,
				84F48DC227565317002AEE4D /* Frameworks */,
				84F48DC327565317002AEE4D /* Resources */,
			);
			buildRules = (
			);
			dependencies = (
				84F48DC727565317002AEE4D /* PBXTargetDependency */,
			);
			name = iOSQuizTests;
			productName = iOSQuizTests;
			productReference = 84F48DC527565317002AEE4D /* iOSQuizTests.xctest */;
			productType = "com.apple.product-type.bundle.unit-test";
		};
		84F48DCE27565317002AEE4D /* iOSQuizUITests */ = {
			isa = PBXNativeTarget;
			buildConfigurationList = 84F48DDF27565317002AEE4D /* Build configuration list for PBXNativeTarget "iOSQuizUITests" */;
			buildPhases = (
				84F48DCB27565317002AEE4D /* Sources */,
				84F48DCC27565317002AEE4D /* Frameworks */,
				84F48DCD27565317002AEE4D /* Resources */,
			);
			buildRules = (
			);
			dependencies = (
				84F48DD127565317002AEE4D /* PBXTargetDependency */,
			);
			name = iOSQuizUITests;
			productName = iOSQuizUITests;
			productReference = 84F48DCF27565317002AEE4D /* iOSQuizUITests.xctest */;
			productType = "com.apple.product-type.bundle.ui-testing";
		};
/* End PBXNativeTarget section */

/* Begin PBXProject section */
		84F48DA727565316002AEE4D /* Project object */ = {
			isa = PBXProject;
			attributes = {
				BuildIndependentTargetsInParallel = 1;
				LastSwiftUpdateCheck = 1310;
				LastUpgradeCheck = 1310;
				TargetAttributes = {
					84F48DAE27565316002AEE4D = {
						CreatedOnToolsVersion = 13.1;
					};
					84F48DC427565317002AEE4D = {
						CreatedOnToolsVersion = 13.1;
						TestTargetID = 84F48DAE27565316002AEE4D;
					};
					84F48DCE27565317002AEE4D = {
						CreatedOnToolsVersion = 13.1;
						TestTargetID = 84F48DAE27565316002AEE4D;
					};
				};
			};
			buildConfigurationList = 84F48DAA27565316002AEE4D /* Build configuration list for PBXProject "iOSQuiz" */;
			compatibilityVersion = "Xcode 13.0";
			developmentRegion = en;
			hasScannedForEncodings = 0;
			knownRegions = (
				en,
				Base,
			);
			mainGroup = 84F48DA627565316002AEE4D;
			productRefGroup = 84F48DB027565316002AEE4D /* Products */;
			projectDirPath = "";
			projectRoot = "";
			targets = (
				84F48DAE27565316002AEE4D /* iOSQuiz */,
				84F48DC427565317002AEE4D /* iOSQuizTests */,
				84F48DCE27565317002AEE4D /* iOSQuizUITests */,
			);
		};
/* End PBXProject section */

/* Begin PBXResourcesBuildPhase section */
		84F48DAD27565316002AEE4D /* Resources */ = {
			isa = PBXResourcesBuildPhase;
			buildActionMask = 2147483647;
			files = (
				84F48DBF27565317002AEE4D /* LaunchScreen.storyboard in Resources */,
				84F48DBC27565317002AEE4D /* Assets.xcassets in Resources */,
				84F48DBA27565316002AEE4D /* Main.storyboard in Resources */,
			);
			runOnlyForDeploymentPostprocessing = 0;
		};
		84F48DC327565317002AEE4D /* Resources */ = {
			isa = PBXResourcesBuildPhase;
			buildActionMask = 2147483647;
			files = (
			);
			runOnlyForDeploymentPostprocessing = 0;
		};
		84F48DCD27565317002AEE4D /* Resources */ = {
			isa = PBXResourcesBuildPhase;
			buildActionMask = 2147483647;
			files = (
			);
			runOnlyForDeploymentPostprocessing = 0;
		};
/* End PBXResourcesBuildPhase section */

/* Begin PBXSourcesBuildPhase section */
		84F48DAB27565316002AEE4D /* Sources */ = {
			isa = PBXSourcesBuildPhase;
			buildActionMask = 2147483647;
			files = (
				84F48DB727565316002AEE4D /* ViewController.swift in Sources */,
				84F48DB327565316002AEE4D /* AppDelegate.swift in Sources */,
				84F48DB527565316002AEE4D /* SceneDelegate.swift in Sources */,
			);
			runOnlyForDeploymentPostprocessing = 0;
		};
		84F48DC127565317002AEE4D /* Sources */ = {
			isa = PBXSourcesBuildPhase;
			buildActionMask = 2147483647;
			files = (
				84F48DCA27565317002AEE4D /* iOSQuizTests.swift in Sources */,
			);
			runOnlyForDeploymentPostprocessing = 0;
		};
		84F48DCB27565317002AEE4D /* Sources */ = {
			isa = PBXSourcesBuildPhase;
			buildActionMask = 2147483647;
			files = (
				84F48DD427565317002AEE4D /* iOSQuizUITests.swift in Sources */,
				84F48DD627565317002AEE4D /* iOSQuizUITestsLaunchTests.swift in Sources */,
			);
			runOnlyForDeploymentPostprocessing = 0;
		};
/* End PBXSourcesBuildPhase section */

/* Begin PBXTargetDependency section */
		84F48DC727565317002AEE4D /* PBXTargetDependency */ = {
			isa = PBXTargetDependency;
			target = 84F48DAE27565316002AEE4D /* iOSQuiz */;
			targetProxy = 84F48DC627565317002AEE4D /* PBXContainerItemProxy */;
		};
		84F48DD127565317002AEE4D /* PBXTargetDependency */ = {
			isa = PBXTargetDependency;
			target = 84F48DAE27565316002AEE4D /* iOSQuiz */;
			targetProxy = 84F48DD027565317002AEE4D /* PBXContainerItemProxy */;
		};
/* End PBXTargetDependency section */

/* Begin PBXVariantGroup section */
		84F48DB827565316002AEE4D /* Main.storyboard */ = {
			isa = PBXVariantGroup;
			children = (
				84F48DB927565316002AEE4D /* Base */,
			);
			name = Main.storyboard;
			sourceTree = "<group>";
		};
		84F48DBD27565317002AEE4D /* LaunchScreen.storyboard */ = {
			isa = PBXVariantGroup;
			children = (
				84F48DBE27565317002AEE4D /* Base */,
			);
			name = LaunchScreen.storyboard;
			sourceTree = "<group>";
		};
/* End PBXVariantGroup section */

/* Begin XCBuildConfiguration section */
		84F48DD727565317002AEE4D /* Debug */ = {
			isa = XCBuildConfiguration;
			buildSettings = {
				ALWAYS_SEARCH_USER_PATHS = NO;
				CLANG_ANALYZER_NONNULL = YES;
				CLANG_ANALYZER_NUMBER_OBJECT_CONVERSION = YES_AGGRESSIVE;
				CLANG_CXX_LANGUAGE_STANDARD = "gnu++17";
				CLANG_CXX_LIBRARY = "libc++";
				CLANG_ENABLE_MODULES = YES;
				CLANG_ENABLE_OBJC_ARC = YES;
				CLANG_ENABLE_OBJC_WEAK = YES;
				CLANG_WARN_BLOCK_CAPTURE_AUTORELEASING = YES;
				CLANG_WARN_BOOL_CONVERSION = YES;
				CLANG_WARN_COMMA = YES;
				CLANG_WARN_CONSTANT_CONVERSION = YES;
				CLANG_WARN_DEPRECATED_OBJC_IMPLEMENTATIONS = YES;
				CLANG_WARN_DIRECT_OBJC_ISA_USAGE = YES_ERROR;
				CLANG_WARN_DOCUMENTATION_COMMENTS = YES;
				CLANG_WARN_EMPTY_BODY = YES;
				CLANG_WARN_ENUM_CONVERSION = YES;
				CLANG_WARN_INFINITE_RECURSION = YES;
				CLANG_WARN_INT_CONVERSION = YES;
				CLANG_WARN_NON_LITERAL_NULL_CONVERSION = YES;
				CLANG_WARN_OBJC_IMPLICIT_RETAIN_SELF = YES;
				CLANG_WARN_OBJC_LITERAL_CONVERSION = YES;
				CLANG_WARN_OBJC_ROOT_CLASS = YES_ERROR;
				CLANG_WARN_QUOTED_INCLUDE_IN_FRAMEWORK_HEADER = YES;
				CLANG_WARN_RANGE_LOOP_ANALYSIS = YES;
				CLANG_WARN_STRICT_PROTOTYPES = YES;
				CLANG_WARN_SUSPICIOUS_MOVE = YES;
				CLANG_WARN_UNGUARDED_AVAILABILITY = YES_AGGRESSIVE;
				CLANG_WARN_UNREACHABLE_CODE = YES;
				CLANG_WARN__DUPLICATE_METHOD_MATCH = YES;
				COPY_PHASE_STRIP = NO;
				DEBUG_INFORMATION_FORMAT = dwarf;
				ENABLE_STRICT_OBJC_MSGSEND = YES;
				ENABLE_TESTABILITY = YES;
				GCC_C_LANGUAGE_STANDARD = gnu11;
				GCC_DYNAMIC_NO_PIC = NO;
				GCC_NO_COMMON_BLOCKS = YES;
				GCC_OPTIMIZATION_LEVEL = 0;
				GCC_PREPROCESSOR_DEFINITIONS = (
					"DEBUG=1",
					"$(inherited)",
				);
				GCC_WARN_64_TO_32_BIT_CONVERSION = YES;
				GCC_WARN_ABOUT_RETURN_TYPE = YES_ERROR;
				GCC_WARN_UNDECLARED_SELECTOR = YES;
				GCC_WARN_UNINITIALIZED_AUTOS = YES_AGGRESSIVE;
				GCC_WARN_UNUSED_FUNCTION = YES;
				GCC_WARN_UNUSED_VARIABLE = YES;
				IPHONEOS_DEPLOYMENT_TARGET = 15.0;
				MTL_ENABLE_DEBUG_INFO = INCLUDE_SOURCE;
				MTL_FAST_MATH = YES;
				ONLY_ACTIVE_ARCH = YES;
				SDKROOT = iphoneos;
				SWIFT_ACTIVE_COMPILATION_CONDITIONS = DEBUG;
				SWIFT_OPTIMIZATION_LEVEL = "-Onone";
			};
			name = Debug;
		};
		84F48DD827565317002AEE4D /* Release */ = {
			isa = XCBuildConfiguration;
			buildSettings = {
				ALWAYS_SEARCH_USER_PATHS = NO;
				CLANG_ANALYZER_NONNULL = YES;
				CLANG_ANALYZER_NUMBER_OBJECT_CONVERSION = YES_AGGRESSIVE;
				CLANG_CXX_LANGUAGE_STANDARD = "gnu++17";
				CLANG_CXX_LIBRARY = "libc++";
				CLANG_ENABLE_MODULES = YES;
				CLANG_ENABLE_OBJC_ARC = YES;
				CLANG_ENABLE_OBJC_WEAK = YES;
				CLANG_WARN_BLOCK_CAPTURE_AUTORELEASING = YES;
				CLANG_WARN_BOOL_CONVERSION = YES;
				CLANG_WARN_COMMA = YES;
				CLANG_WARN_CONSTANT_CONVERSION = YES;
				CLANG_WARN_DEPRECATED_OBJC_IMPLEMENTATIONS = YES;
				CLANG_WARN_DIRECT_OBJC_ISA_USAGE = YES_ERROR;
				CLANG_WARN_DOCUMENTATION_COMMENTS = YES;
				CLANG_WARN_EMPTY_BODY = YES;
				CLANG_WARN_ENUM_CONVERSION = YES;
				CLANG_WARN_INFINITE_RECURSION = YES;
				CLANG_WARN_INT_CONVERSION = YES;
				CLANG_WARN_NON_LITERAL_NULL_CONVERSION = YES;
				CLANG_WARN_OBJC_IMPLICIT_RETAIN_SELF = YES;
				CLANG_WARN_OBJC_LITERAL_CONVERSION = YES;
				CLANG_WARN_OBJC_ROOT_CLASS = YES_ERROR;
				CLANG_WARN_QUOTED_INCLUDE_IN_FRAMEWORK_HEADER = YES;
				CLANG_WARN_RANGE_LOOP_ANALYSIS = YES;
				CLANG_WARN_STRICT_PROTOTYPES = YES;
				CLANG_WARN_SUSPICIOUS_MOVE = YES;
				CLANG_WARN_UNGUARDED_AVAILABILITY = YES_AGGRESSIVE;
				CLANG_WARN_UNREACHABLE_CODE = YES;
				CLANG_WARN__DUPLICATE_METHOD_MATCH = YES;
				COPY_PHASE_STRIP = NO;
				DEBUG_INFORMATION_FORMAT = "dwarf-with-dsym";
				ENABLE_NS_ASSERTIONS = NO;
				ENABLE_STRICT_OBJC_MSGSEND = YES;
				GCC_C_LANGUAGE_STANDARD = gnu11;
				GCC_NO_COMMON_BLOCKS = YES;
				GCC_WARN_64_TO_32_BIT_CONVERSION = YES;
				GCC_WARN_ABOUT_RETURN_TYPE = YES_ERROR;
				GCC_WARN_UNDECLARED_SELECTOR = YES;
				GCC_WARN_UNINITIALIZED_AUTOS = YES_AGGRESSIVE;
				GCC_WARN_UNUSED_FUNCTION = YES;
				GCC_WARN_UNUSED_VARIABLE = YES;
				IPHONEOS_DEPLOYMENT_TARGET = 15.0;
				MTL_ENABLE_DEBUG_INFO = NO;
				MTL_FAST_MATH = YES;
				SDKROOT = iphoneos;
				SWIFT_COMPILATION_MODE = wholemodule;
				SWIFT_OPTIMIZATION_LEVEL = "-O";
				VALIDATE_PRODUCT = YES;
			};
			name = Release;
		};
		84F48DDA27565317002AEE4D /* Debug */ = {
			isa = XCBuildConfiguration;
			buildSettings = {
				ASSETCATALOG_COMPILER_APPICON_NAME = AppIcon;
				ASSETCATALOG_COMPILER_GLOBAL_ACCENT_COLOR_NAME = AccentColor;
				CODE_SIGN_STYLE = Automatic;
				CURRENT_PROJECT_VERSION = 1;
				GENERATE_INFOPLIST_FILE = YES;
				INFOPLIST_FILE = iOSQuiz/Info.plist;
				INFOPLIST_KEY_UIApplicationSupportsIndirectInputEvents = YES;
				INFOPLIST_KEY_UILaunchStoryboardName = LaunchScreen;
				INFOPLIST_KEY_UIMainStoryboardFile = Main;
				INFOPLIST_KEY_UISupportedInterfaceOrientations_iPad = "UIInterfaceOrientationPortrait UIInterfaceOrientationPortraitUpsideDown UIInterfaceOrientationLandscapeLeft UIInterfaceOrientationLandscapeRight";
				INFOPLIST_KEY_UISupportedInterfaceOrientations_iPhone = "UIInterfaceOrientationPortrait UIInterfaceOrientationLandscapeLeft UIInterfaceOrientationLandscapeRight";
				LD_RUNPATH_SEARCH_PATHS = (
					"$(inherited)",
					"@executable_path/Frameworks",
				);
				MARKETING_VERSION = 1.0;
				PRODUCT_BUNDLE_IDENTIFIER = hsn.iOSQuiz;
				PRODUCT_NAME = "$(TARGET_NAME)";
				SWIFT_EMIT_LOC_STRINGS = YES;
				SWIFT_VERSION = 5.0;
				TARGETED_DEVICE_FAMILY = "1,2";
			};
			name = Debug;
		};
		84F48DDB27565317002AEE4D /* Release */ = {
			isa = XCBuildConfiguration;
			buildSettings = {
				ASSETCATALOG_COMPILER_APPICON_NAME = AppIcon;
				ASSETCATALOG_COMPILER_GLOBAL_ACCENT_COLOR_NAME = AccentColor;
				CODE_SIGN_STYLE = Automatic;
				CURRENT_PROJECT_VERSION = 1;
				GENERATE_INFOPLIST_FILE = YES;
				INFOPLIST_FILE = iOSQuiz/Info.plist;
				INFOPLIST_KEY_UIApplicationSupportsIndirectInputEvents = YES;
				INFOPLIST_KEY_UILaunchStoryboardName = LaunchScreen;
				INFOPLIST_KEY_UIMainStoryboardFile = Main;
				INFOPLIST_KEY_UISupportedInterfaceOrientations_iPad = "UIInterfaceOrientationPortrait UIInterfaceOrientationPortraitUpsideDown UIInterfaceOrientationLandscapeLeft UIInterfaceOrientationLandscapeRight";
				INFOPLIST_KEY_UISupportedInterfaceOrientations_iPhone = "UIInterfaceOrientationPortrait UIInterfaceOrientationLandscapeLeft UIInterfaceOrientationLandscapeRight";
				LD_RUNPATH_SEARCH_PATHS = (
					"$(inherited)",
					"@executable_path/Frameworks",
				);
				MARKETING_VERSION = 1.0;
				PRODUCT_BUNDLE_IDENTIFIER = hsn.iOSQuiz;
				PRODUCT_NAME = "$(TARGET_NAME)";
				SWIFT_EMIT_LOC_STRINGS = YES;
				SWIFT_VERSION = 5.0;
				TARGETED_DEVICE_FAMILY = "1,2";
			};
			name = Release;
		};
		84F48DDD27565317002AEE4D /* Debug */ = {
			isa = XCBuildConfiguration;
			buildSettings = {
				ALWAYS_EMBED_SWIFT_STANDARD_LIBRARIES = YES;
				BUNDLE_LOADER = "$(TEST_HOST)";
				CODE_SIGN_STYLE = Automatic;
				CURRENT_PROJECT_VERSION = 1;
				GENERATE_INFOPLIST_FILE = YES;
				IPHONEOS_DEPLOYMENT_TARGET = 15.0;
				LD_RUNPATH_SEARCH_PATHS = (
					"$(inherited)",
					"@executable_path/Frameworks",
					"@loader_path/Frameworks",
				);
				MARKETING_VERSION = 1.0;
				PRODUCT_BUNDLE_IDENTIFIER = hsn.iOSQuizTests;
				PRODUCT_NAME = "$(TARGET_NAME)";
				SWIFT_EMIT_LOC_STRINGS = NO;
				SWIFT_VERSION = 5.0;
				TARGETED_DEVICE_FAMILY = "1,2";
				TEST_HOST = "$(BUILT_PRODUCTS_DIR)/iOSQuiz.app/iOSQuiz";
			};
			name = Debug;
		};
		84F48DDE27565317002AEE4D /* Release */ = {
			isa = XCBuildConfiguration;
			buildSettings = {
				ALWAYS_EMBED_SWIFT_STANDARD_LIBRARIES = YES;
				BUNDLE_LOADER = "$(TEST_HOST)";
				CODE_SIGN_STYLE = Automatic;
				CURRENT_PROJECT_VERSION = 1;
				GENERATE_INFOPLIST_FILE = YES;
				IPHONEOS_DEPLOYMENT_TARGET = 15.0;
				LD_RUNPATH_SEARCH_PATHS = (
					"$(inherited)",
					"@executable_path/Frameworks",
					"@loader_path/Frameworks",
				);
				MARKETING_VERSION = 1.0;
				PRODUCT_BUNDLE_IDENTIFIER = hsn.iOSQuizTests;
				PRODUCT_NAME = "$(TARGET_NAME)";
				SWIFT_EMIT_LOC_STRINGS = NO;
				SWIFT_VERSION = 5.0;
				TARGETED_DEVICE_FAMILY = "1,2";
				TEST_HOST = "$(BUILT_PRODUCTS_DIR)/iOSQuiz.app/iOSQuiz";
			};
			name = Release;
		};
		84F48DE027565317002AEE4D /* Debug */ = {
			isa = XCBuildConfiguration;
			buildSettings = {
				ALWAYS_EMBED_SWIFT_STANDARD_LIBRARIES = YES;
				CODE_SIGN_STYLE = Automatic;
				CURRENT_PROJECT_VERSION = 1;
				GENERATE_INFOPLIST_FILE = YES;
				LD_RUNPATH_SEARCH_PATHS = (
					"$(inherited)",
					"@executable_path/Frameworks",
					"@loader_path/Frameworks",
				);
				MARKETING_VERSION = 1.0;
				PRODUCT_BUNDLE_IDENTIFIER = hsn.iOSQuizUITests;
				PRODUCT_NAME = "$(TARGET_NAME)";
				SWIFT_EMIT_LOC_STRINGS = NO;
				SWIFT_VERSION = 5.0;
				TARGETED_DEVICE_FAMILY = "1,2";
				TEST_TARGET_NAME = iOSQuiz;
			};
			name = Debug;
		};
		84F48DE127565317002AEE4D /* Release */ = {
			isa = XCBuildConfiguration;
			buildSettings = {
				ALWAYS_EMBED_SWIFT_STANDARD_LIBRARIES = YES;
				CODE_SIGN_STYLE = Automatic;
				CURRENT_PROJECT_VERSION = 1;
				GENERATE_INFOPLIST_FILE = YES;
				LD_RUNPATH_SEARCH_PATHS = (
					"$(inherited)",
					"@executable_path/Frameworks",
					"@loader_path/Frameworks",
				);
				MARKETING_VERSION = 1.0;
				PRODUCT_BUNDLE_IDENTIFIER = hsn.iOSQuizUITests;
				PRODUCT_NAME = "$(TARGET_NAME)";
				SWIFT_EMIT_LOC_STRINGS = NO;
				SWIFT_VERSION = 5.0;
				TARGETED_DEVICE_FAMILY = "1,2";
				TEST_TARGET_NAME = iOSQuiz;
			};
			name = Release;
		};
/* End XCBuildConfiguration section */

/* Begin XCConfigurationList section */
		84F48DAA27565316002AEE4D /* Build configuration list for PBXProject "iOSQuiz" */ = {
			isa = XCConfigurationList;
			buildConfigurations = (
				84F48DD727565317002AEE4D /* Debug */,
				84F48DD827565317002AEE4D /* Release */,
			);
			defaultConfigurationIsVisible = 0;
			defaultConfigurationName = Release;
		};
		84F48DD927565317002AEE4D /* Build configuration list for PBXNativeTarget "iOSQuiz" */ = {
			isa = XCConfigurationList;
			buildConfigurations = (
				84F48DDA27565317002AEE4D /* Debug */,
				84F48DDB27565317002AEE4D /* Release */,
			);
			defaultConfigurationIsVisible = 0;
			defaultConfigurationName = Release;
		};
		84F48DDC27565317002AEE4D /* Build configuration list for PBXNativeTarget "iOSQuizTests" */ = {
			isa = XCConfigurationList;
			buildConfigurations = (
				84F48DDD27565317002AEE4D /* Debug */,
				84F48DDE27565317002AEE4D /* Release */,
			);
			defaultConfigurationIsVisible = 0;
			defaultConfigurationName = Release;
		};
		84F48DDF27565317002AEE4D /* Build configuration list for PBXNativeTarget "iOSQuizUITests" */ = {
			isa = XCConfigurationList;
			buildConfigurations = (
				84F48DE027565317002AEE4D /* Debug */,
				84F48DE127565317002AEE4D /* Release */,
			);
			defaultConfigurationIsVisible = 0;
			defaultConfigurationName = Release;
		};
/* End XCConfigurationList section */
	};
	rootObject = 84F48DA727565316002AEE4D /* Project object */;
}
